
Microsoft Visual Studio Solution File, Format Version 12.00
# Visual Studio Version 17
VisualStudioVersion = 17.1.32414.318
MinimumVisualStudioVersion = 10.0.40219.1
Project("{9A19103F-16F7-4668-BE54-9A1E7A4F7556}") = "Golozinas", "Golozinas\Golozinas.csproj", "{D2595795-0A58-448D-B23A-44513173DFA0}"
EndProject
Project("{9A19103F-16F7-4668-BE54-9A1E7A4F7556}") = "Modelos", "Modelos\Modelos.csproj", "{52F5E35F-335F-4DAB-92E3-2BC49CB9EE80}"
EndProject
Project("{9A19103F-16F7-4668-BE54-9A1E7A4F7556}") = "Datos", "Datos\Datos.csproj", "{945AA50A-B877-4A77-9BF6-68480452DCD9}"
EndProject
Global
	GlobalSection(SolutionConfigurationPlatforms) = preSolution
		Debug|Any CPU = Debug|Any CPU
		Release|Any CPU = Release|Any CPU
	EndGlobalSection
	GlobalSection(ProjectConfigurationPlatforms) = postSolution
		{D2595795-0A58-448D-B23A-44513173DFA0}.Debug|Any CPU.ActiveCfg = Debug|Any CPU
		{D2595795-0A58-448D-B23A-44513173DFA0}.Debug|Any CPU.Build.0 = Debug|Any CPU
		{D2595795-0A58-448D-B23A-44513173DFA0}.Release|Any CPU.ActiveCfg = Release|Any CPU
		{D2595795-0A58-448D-B23A-44513173DFA0}.Release|Any CPU.Build.0 = Release|Any CPU
		{52F5E35F-335F-4DAB-92E3-2BC49CB9EE80}.Debug|Any CPU.ActiveCfg = Debug|Any CPU
		{52F5E35F-335F-4DAB-92E3-2BC49CB9EE80}.Debug|Any CPU.Build.0 = Debug|Any CPU
		{52F5E35F-335F-4DAB-92E3-2BC49CB9EE80}.Release|Any CPU.ActiveCfg = Release|Any CPU
		{52F5E35F-335F-4DAB-92E3-2BC49CB9EE80}.Release|Any CPU.Build.0 = Release|Any CPU
		{945AA50A-B877-4A77-9BF6-68480452DCD9}.Debug|Any CPU.ActiveCfg = Debug|Any CPU
		{945AA50A-B877-4A77-9BF6-68480452DCD9}.Debug|Any CPU.Build.0 = Debug|Any CPU
		{945AA50A-B877-4A77-9BF6-68480452DCD9}.Release|Any CPU.ActiveCfg = Release|Any CPU
		{945AA50A-B877-4A77-9BF6-68480452DCD9}.Release|Any CPU.Build.0 = Release|Any CPU
	EndGlobalSection
	GlobalSection(SolutionProperties) = preSolution
		HideSolutionNode = FALSE
	EndGlobalSection
	GlobalSection(ExtensibilityGlobals) = postSolution
		SolutionGuid = {D9091C8A-2B37-464C-A393-2AFF653773AD}
	EndGlobalSection
EndGlobal
